
Microsoft Visual Studio Solution File, Format Version 12.00
# Visual Studio Version 17
VisualStudioVersion = 17.5.002.0
MinimumVisualStudioVersion = 10.0.40219.1
Project("{9A19103F-16F7-4668-BE54-9A1E7A4F7556}") = "DesafioPOO", "DesafioPOO.csproj", "{138E111D-2714-498E-9036-592720615740}"
EndProject
Global
	GlobalSection(SolutionConfigurationPlatforms) = preSolution
		Debug|Any CPU = Debug|Any CPU
		Release|Any CPU = Release|Any CPU
	EndGlobalSection
	GlobalSection(ProjectConfigurationPlatforms) = postSolution
		{138E111D-2714-498E-9036-592720615740}.Debug|Any CPU.ActiveCfg = Debug|Any CPU
		{138E111D-2714-498E-9036-592720615740}.Debug|Any CPU.Build.0 = Debug|Any CPU
		{138E111D-2714-498E-9036-592720615740}.Release|Any CPU.ActiveCfg = Release|Any CPU
		{138E111D-2714-498E-9036-592720615740}.Release|Any CPU.Build.0 = Release|Any CPU
	EndGlobalSection
	GlobalSection(SolutionProperties) = preSolution
		HideSolutionNode = FALSE
	EndGlobalSection
	GlobalSection(ExtensibilityGlobals) = postSolution
		SolutionGuid = {7A882C8B-4D42-4FB3-B1B5-761FF259FA37}
	EndGlobalSection
EndGlobal
